kit: 0.2.5
skills:
  start-research-project: 0.1.3
  understand-research-project: 0.1.4
  develop-analysis-with-safe-data: 0.1.2
  document-research-decision: 0.1.1
  update-project-record: 0.1.1
  contribute-to-project: 0.1.1
  consolidate-contributions: 0.1.1
  audit-research-chain: 0.2.4
  update-the-kit: 0.2.2
